<Project xmlns="http://schemas.microsoft.com/developer/msbuild/2003">
  <PropertyGroup>
    <ProjectGuid>{8A4D2F61-0C3B-4E9A-B7D5-1F6E8C2A9B34}</ProjectGuid>
    <MainSource>VigiaTests.dpr</MainSource>
    <Base>True</Base>
    <Config Condition="'$(Config)'==''">Debug</Config>
    <Platform Condition="'$(Platform)'==''">Win32</Platform>
    <TargetedPlatforms>1</TargetedPlatforms>
    <AppType>Console</AppType>
    <FrameworkType>VCL</FrameworkType>
    <ProjectVersion>19.2</ProjectVersion>
  </PropertyGroup>
  <PropertyGroup Condition="'$(Config)'=='Base' or '$(Base)'!=''">
    <Base>true</Base>
  </PropertyGroup>
  <PropertyGroup Condition="('$(Platform)'=='Win32' and '$(Base)'=='true') or '$(Base_Win32)'!=''">
    <Base_Win32>true</Base_Win32>
    <CfgParent>Base</CfgParent>
    <Base>true</Base>
  </PropertyGroup>
  <PropertyGroup Condition="('$(Platform)'=='Win64' and '$(Base)'=='true') or '$(Base_Win64)'!=''">
    <Base_Win64>true</Base_Win64>
    <CfgParent>Base</CfgParent>
    <Base>true</Base>
  </PropertyGroup>
  <PropertyGroup Condition="'$(Base)'!=''">
    <CUI Condition="'$(CUI)'==''">..\..\Delphi\ComponentesUI</CUI>
    <DCC_CodePage>65001</DCC_CodePage>
    <SanitizedProjectName>VigiaTests</SanitizedProjectName>
    <DCC_Namespace>Vcl;Vcl.Imaging;Winapi;System.Win;Data.Win;System;Data;$(DCC_Namespace)</DCC_Namespace>
    <DCC_UnitSearchPath>$(CUI)\src;$(CUI)\src\core;$(CUI)\src\components\basic;$(CUI)\src\components\feedback;$(CUI)\src\components\layout;$(CUI)\src\components\data;$(CUI)\src\components\form;$(CUI)\src\components\display;$(CUI)\src\components\overlay;$(CUI)\src\components\nav;$(CUI)\src\components\report;$(CUI)\thirdpart\skia4delphi\Source;$(CUI)\thirdpart\skia4delphi\Source\VCL;$(DCC_UnitSearchPath)</DCC_UnitSearchPath>
    <DCC_DcuOutput>..\dcu\tests\$(Platform)\$(Config)</DCC_DcuOutput>
    <DCC_ExeOutput>..\bin\tests\$(Platform)\$(Config)</DCC_ExeOutput>
    <Manifest_File>$(BDS)\bin\default_app.manifest</Manifest_File>
    <AppDPIAwarenessMode>PerMonitorV2</AppDPIAwarenessMode>
  </PropertyGroup>
  <PropertyGroup Condition="'$(Config)'=='Debug' or '$(Cfg_1)'!=''">
    <Cfg_1>true</Cfg_1>
    <CfgParent>Base</CfgParent>
    <Base>true</Base>
    <DCC_Define>DEBUG;$(DCC_Define)</DCC_Define>
    <DCC_Optimize>false</DCC_Optimize>
    <DCC_GenerateStackFrames>true</DCC_GenerateStackFrames>
  </PropertyGroup>
  <PropertyGroup Condition="'$(Config)'=='Release' or '$(Cfg_2)'!=''">
    <Cfg_2>true</Cfg_2>
    <CfgParent>Base</CfgParent>
    <Base>true</Base>
    <DCC_Optimize>true</DCC_Optimize>
    <DCC_DebugInformation>0</DCC_DebugInformation>
  </PropertyGroup>
  <ItemGroup>
    <DelphiCompile Include="$(MainSource)">
      <MainSource>MainSource</MainSource>
    </DelphiCompile>
    <DCCReference Include="..\src\Vigia.TrayIcon.pas"/>
    <DCCReference Include="..\src\Vigia.Diff.pas"/>
    <DCCReference Include="..\src\Vigia.Providers.pas"/>
    <DCCReference Include="..\src\Vigia.Store.pas"/>
    <DCCReference Include="..\src\Vigia.Secrets.pas"/>
    <DCCReference Include="..\src\Vigia.Model.pas"/>
    <BuildConfiguration Include="Base">
      <Key>Base</Key>
    </BuildConfiguration>
    <BuildConfiguration Include="Debug">
      <Key>Cfg_1</Key>
      <CfgParent>Base</CfgParent>
    </BuildConfiguration>
    <BuildConfiguration Include="Release">
      <Key>Cfg_2</Key>
      <CfgParent>Base</CfgParent>
    </BuildConfiguration>
  </ItemGroup>
  <ProjectExtensions>
    <Borland.Personality>Delphi.Personality.12</Borland.Personality>
    <Borland.ProjectType>Application</Borland.ProjectType>
    <BorlandProject>
      <Delphi.Personality>
        <Source>
          <Source Name="MainSource">VigiaTests.dpr</Source>
        </Source>
      </Delphi.Personality>
      <Platforms>
        <Platform value="Win32">True</Platform>
        <Platform value="Win64">True</Platform>
      </Platforms>
    </BorlandProject>
    <ProjectFileVersion>12</ProjectFileVersion>
  </ProjectExtensions>
  <Import Project="$(BDS)\Bin\CodeGear.Delphi.Targets" Condition="Exists('$(BDS)\Bin\CodeGear.Delphi.Targets')"/>
  <Import Project="$(APPDATA)\Embarcadero\$(BDSAPPDATABASEDIR)\$(PRODUCTVERSION)\UserTools.proj" Condition="Exists('$(APPDATA)\Embarcadero\$(BDSAPPDATABASEDIR)\$(PRODUCTVERSION)\UserTools.proj')"/>
</Project>
