<Project xmlns="http://schemas.microsoft.com/developer/msbuild/2003">
  <PropertyGroup>
    <ProjectGuid>{3E7C1A92-5B4D-4C8E-A1F0-9D2B6E4C7A15}</ProjectGuid>
    <MainSource>Vigia.dpr</MainSource>
    <Base>True</Base>
    <Config Condition="'$(Config)'==''">Debug</Config>
    <Platform Condition="'$(Platform)'==''">Win32</Platform>
    <TargetedPlatforms>1</TargetedPlatforms>
    <AppType>Application</AppType>
    <FrameworkType>VCL</FrameworkType>
    <ProjectVersion>19.2</ProjectVersion>
  </PropertyGroup>
  <PropertyGroup Condition="'$(Config)'=='Base' or '$(Base)'!=''">
    <Base>true</Base>
  </PropertyGroup>
  <PropertyGroup Condition="('$(Platform)'=='Win32' and '$(Base)'=='true') or '$(Base_Win32)'!=''">
    <Base_Win32>true</Base_Win32>
    <CfgParent>Base</CfgParent>
    <Base>true</Base>
  </PropertyGroup>
  <PropertyGroup Condition="('$(Platform)'=='Win64' and '$(Base)'=='true') or '$(Base_Win64)'!=''">
    <Base_Win64>true</Base_Win64>
    <CfgParent>Base</CfgParent>
    <Base>true</Base>
  </PropertyGroup>
  <PropertyGroup Condition="'$(Base)'!=''">
    <CUI Condition="'$(CUI)'==''">..\..\Delphi\ComponentesUI</CUI>
    <DCC_CodePage>65001</DCC_CodePage>
    <SanitizedProjectName>Vigia</SanitizedProjectName>
    <DCC_Namespace>Vcl;Vcl.Imaging;Winapi;System.Win;Data.Win;System;Data;$(DCC_Namespace)</DCC_Namespace>
    <DCC_UnitSearchPath>$(CUI)\src;$(CUI)\src\core;$(CUI)\src\components\basic;$(CUI)\src\components\feedback;$(CUI)\src\components\layout;$(CUI)\src\components\data;$(CUI)\src\components\form;$(CUI)\src\components\display;$(CUI)\src\components\overlay;$(CUI)\src\components\nav;$(CUI)\src\components\report;$(CUI)\src\components\assistant;$(CUI)\thirdpart\skia4delphi\Source;$(CUI)\thirdpart\skia4delphi\Source\VCL;$(DCC_UnitSearchPath)</DCC_UnitSearchPath>
    <DCC_DcuOutput>..\dcu\$(Platform)\$(Config)</DCC_DcuOutput>
    <DCC_ExeOutput>..\bin\$(Platform)\$(Config)</DCC_ExeOutput>
    <Manifest_File>$(BDS)\bin\default_app.manifest</Manifest_File>
    <AppDPIAwarenessMode>PerMonitorV2</AppDPIAwarenessMode>
  </PropertyGroup>
  <PropertyGroup Condition="'$(Base_Win32)'!=''">
    <PostBuildEvent>copy /Y "$(CUI)\tests\bin\Win32\Debug\sk4d.dll" "$(ProjectDir)..\bin\Win32\$(Config)\"&amp;&amp; xcopy /Y /I /Q "$(ProjectDir)..\assets\assistant\*.json" "$(ProjectDir)..\bin\Win32\$(Config)\assets\assistant\"</PostBuildEvent>
  </PropertyGroup>
  <PropertyGroup Condition="'$(Config)'=='Debug' or '$(Cfg_1)'!=''">
    <Cfg_1>true</Cfg_1>
    <CfgParent>Base</CfgParent>
    <Base>true</Base>
    <DCC_Define>DEBUG;$(DCC_Define)</DCC_Define>
    <DCC_Optimize>false</DCC_Optimize>
    <DCC_GenerateStackFrames>true</DCC_GenerateStackFrames>
  </PropertyGroup>
  <PropertyGroup Condition="'$(Config)'=='Release' or '$(Cfg_2)'!=''">
    <Cfg_2>true</Cfg_2>
    <CfgParent>Base</CfgParent>
    <Base>true</Base>
    <DCC_Optimize>true</DCC_Optimize>
    <DCC_DebugInformation>0</DCC_DebugInformation>
    <DCC_AssertionsAtRuntime>false</DCC_AssertionsAtRuntime>
    <DCC_LocalDebugSymbols>false</DCC_LocalDebugSymbols>
    <DCC_SymbolReferenceInfo>0</DCC_SymbolReferenceInfo>
  </PropertyGroup>
  <ItemGroup>
    <DelphiCompile Include="$(MainSource)">
      <MainSource>MainSource</MainSource>
    </DelphiCompile>
    <DCCReference Include="Vigia.UI.Main.pas"/>
    <DCCReference Include="Vigia.Model.pas"/>
    <DCCReference Include="Vigia.Secrets.pas"/>
    <DCCReference Include="Vigia.Store.pas"/>
    <DCCReference Include="Vigia.Providers.pas"/>
    <DCCReference Include="Vigia.UI.Account.pas"/>
    <DCCReference Include="Vigia.Diff.pas"/>
    <DCCReference Include="Vigia.TrayIcon.pas"/>
    <DCCReference Include="Vigia.UI.Common.pas"/>
    <DCCReference Include="Vigia.UI.Detail.pas"/>
    <DCCReference Include="Vigia.UI.Views.pas"/>
    <DCCReference Include="Vigia.UI.Status.pas"/>
    <DCCReference Include="Vigia.UI.Notify.pas"/>
    <DCCReference Include="Vigia.AI.pas"/>
    <DCCReference Include="Vigia.UI.Tags.pas"/>
    <DCCReference Include="Vigia.Update.pas"/>
    <BuildConfiguration Include="Base">
      <Key>Base</Key>
    </BuildConfiguration>
    <BuildConfiguration Include="Debug">
      <Key>Cfg_1</Key>
      <CfgParent>Base</CfgParent>
    </BuildConfiguration>
    <BuildConfiguration Include="Release">
      <Key>Cfg_2</Key>
      <CfgParent>Base</CfgParent>
    </BuildConfiguration>
  </ItemGroup>
  <ProjectExtensions>
    <Borland.Personality>Delphi.Personality.12</Borland.Personality>
    <Borland.ProjectType>Application</Borland.ProjectType>
    <BorlandProject>
      <Delphi.Personality>
        <Source>
          <Source Name="MainSource">Vigia.dpr</Source>
        </Source>
      </Delphi.Personality>
      <Platforms>
        <Platform value="Win32">True</Platform>
        <Platform value="Win64">True</Platform>
      </Platforms>
    </BorlandProject>
    <ProjectFileVersion>12</ProjectFileVersion>
  </ProjectExtensions>
  <Import Project="$(BDS)\Bin\CodeGear.Delphi.Targets" Condition="Exists('$(BDS)\Bin\CodeGear.Delphi.Targets')"/>
  <Import Project="$(APPDATA)\Embarcadero\$(BDSAPPDATABASEDIR)\$(PRODUCTVERSION)\UserTools.proj" Condition="Exists('$(APPDATA)\Embarcadero\$(BDSAPPDATABASEDIR)\$(PRODUCTVERSION)\UserTools.proj')"/>
</Project>
